# THIS IS AN AUTOGENERATED FILE. DO NOT EDIT THIS FILE DIRECTLY.
# yarn lockfile v1


"@babel/runtime@^7.16.0", "@babel/runtime@^7.9.2":
  version "7.17.2"
  resolved "https://registry.yarnpkg.com/@babel/runtime/-/runtime-7.17.2.tgz#66f68591605e59da47523c631416b18508779941"
  integrity sha512-hzeyJyMA1YGdJTuWU0e/j4wKXrU4OMFvY2MSlaI9B7VQb0r5cxTE3EAIS2Q7Tn2RIcDkRvTA/v2JsAEhxe99uw==
  dependencies:
    regenerator-runtime "^0.13.4"

"@tannin/compile@^1.1.0":
  version "1.1.0"
  resolved "https://registry.yarnpkg.com/@tannin/compile/-/compile-1.1.0.tgz#1e4d1c5364cbfeffa1c20352c053e19ef20ffe93"
  integrity sha512-n8m9eNDfoNZoxdvWiTfW/hSPhehzLJ3zW7f8E7oT6mCROoMNWCB4TYtv041+2FMAxweiE0j7i1jubQU4MEC/Gg==
  dependencies:
    "@tannin/evaluate" "^1.2.0"
    "@tannin/postfix" "^1.1.0"

"@tannin/evaluate@^1.2.0":
  version "1.2.0"
  resolved "https://registry.yarnpkg.com/@tannin/evaluate/-/evaluate-1.2.0.tgz#468a13c45eff45340108836fc46c708457199c3f"
  integrity sha512-3ioXvNowbO/wSrxsDG5DKIMxC81P0QrQTYai8zFNY+umuoHWRPbQ/TuuDEOju9E+jQDXmj6yI5GyejNuh8I+eg==

"@tannin/plural-forms@^1.1.0":
  version "1.1.0"
  resolved "https://registry.yarnpkg.com/@tannin/plural-forms/-/plural-forms-1.1.0.tgz#cffbb060d2640a56a314e3c77cbf6ea6072b51d5"
  integrity sha512-xl9R2mDZO/qiHam1AgMnAES6IKIg7OBhcXqy6eDsRCdXuxAFPcjrej9HMjyCLE0DJ/8cHf0i5OQTstuBRhpbHw==
  dependencies:
    "@tannin/compile" "^1.1.0"

"@tannin/postfix@^1.1.0":
  version "1.1.0"
  resolved "https://registry.yarnpkg.com/@tannin/postfix/-/postfix-1.1.0.tgz#6071f4204ae26c2e885cf3a3f1203a9f71e3f291"
  integrity sha512-oocsqY7g0cR+Gur5jRQLSrX2OtpMLMse1I10JQBm8CdGMrDkh1Mg2gjsiquMHRtBs4Qwu5wgEp5GgIYHk4SNPw==

"@types/lodash@^4.14.172":
  version "4.14.178"
  resolved "https://registry.yarnpkg.com/@types/lodash/-/lodash-4.14.178.tgz#341f6d2247db528d4a13ddbb374bcdc80406f4f8"
  integrity sha512-0d5Wd09ItQWH1qFbEyQ7oTQ3GZrMfth5JkbN3EvTKLXcHLRDSXeLnlvlOn0wvxVIwK5o2M8JzP/OWz7T3NRsbw==

"@types/mousetrap@^1.6.8":
  version "1.6.9"
  resolved "https://registry.yarnpkg.com/@types/mousetrap/-/mousetrap-1.6.9.tgz#f1ef9adbd1eac3466f21b6988b1c82c633a45340"
  integrity sha512-HUAiN65VsRXyFCTicolwb5+I7FM6f72zjMWr+ajGk+YTvzBgXqa2A5U7d+rtsouAkunJ5U4Sb5lNJjo9w+nmXg==

"@types/prop-types@*":
  version "15.7.4"
  resolved "https://registry.yarnpkg.com/@types/prop-types/-/prop-types-15.7.4.tgz#fcf7205c25dff795ee79af1e30da2c9790808f11"
  integrity sha512-rZ5drC/jWjrArrS8BR6SIr4cWpW09RNTYt9AMZo3Jwwif+iacXAqgVjm0B0Bv/S1jhDXKHqRVNCbACkJ89RAnQ==

"@types/react-dom@^17.0.11":
  version "17.0.11"
  resolved "https://registry.yarnpkg.com/@types/react-dom/-/react-dom-17.0.11.tgz#e1eadc3c5e86bdb5f7684e00274ae228e7bcc466"
  integrity sha512-f96K3k+24RaLGVu/Y2Ng3e1EbZ8/cVJvypZWd7cy0ofCBaf2lcM46xNhycMZ2xGwbBjRql7hOlZ+e2WlJ5MH3Q==
  dependencies:
    "@types/react" "*"

"@types/react@*", "@types/react@^17.0.37":
  version "17.0.39"
  resolved "https://registry.yarnpkg.com/@types/react/-/react-17.0.39.tgz#d0f4cde092502a6db00a1cded6e6bf2abb7633ce"
  integrity sha512-UVavlfAxDd/AgAacMa60Azl7ygyQNRwC/DsHZmKgNvPmRR5p70AJ5Q9EAmL2NWOJmeV+vVUI4IAP7GZrN8h8Ug==
  dependencies:
    "@types/prop-types" "*"
    "@types/scheduler" "*"
    csstype "^3.0.2"

"@types/scheduler@*":
  version "0.16.2"
  resolved "https://registry.yarnpkg.com/@types/scheduler/-/scheduler-0.16.2.tgz#1a62f89525723dde24ba1b01b092bf5df8ad4d39"
  integrity sha512-hppQEBDmlwhFAXKJX2KnWLYu5yMfi91yazPb2l+lbJiwW+wdo1gNeRA+3RgNSO39WYX2euey41KEwnqesU2Jew==

"@wordpress/autop@^3.3.1":
  version "3.3.1"
  resolved "https://registry.yarnpkg.com/@wordpress/autop/-/autop-3.3.1.tgz#f1ce103e2bf39a8493db047cd600b8baea842c61"
  integrity sha512-x8c0Xy7PHrx2PPpox+8G0P8ch7m81yvroTXgHjLX7GoZFgPrBMKz36qdqatO/IfJXYvN1X4k7hEWEW1E8mvfgQ==
  dependencies:
    "@babel/runtime" "^7.16.0"

"@wordpress/blob@^3.3.1":
  version "3.3.1"
  resolved "https://registry.yarnpkg.com/@wordpress/blob/-/blob-3.3.1.tgz#ac632572ddef6a812a64d7be9a0cf92ffc04d7c8"
  integrity sha512-+KOf5Mvna6nffpIg6eAYI8gzCSV3ZFihzIjUmY2+vKiLeFocol5OYxp2YxiohDiwRoghFo1raVu3VhnDFtudAw==
  dependencies:
    "@babel/runtime" "^7.16.0"

"@wordpress/block-serialization-default-parser@^4.3.1":
  version "4.3.1"
  resolved "https://registry.yarnpkg.com/@wordpress/block-serialization-default-parser/-/block-serialization-default-parser-4.3.1.tgz#54dc29095a29091dd3ffdfbdc4ca9c9ea2ae628d"
  integrity sha512-zYg759iJBFsJ4jaG8cSjcSmcUVPWsj2gVvAO95iTWt6GhnQWV/b29x2BugxgzhZcwjEd8X15cTgzbJZwSzlTJA==
  dependencies:
    "@babel/runtime" "^7.16.0"

"@wordpress/blocks@^11.2.1":
  version "11.2.1"
  resolved "https://registry.yarnpkg.com/@wordpress/blocks/-/blocks-11.2.1.tgz#86b12e84b87bdee77b4f5c16d6de750ca1000db0"
  integrity sha512-tXiF2NAda2CYOUYlbG7sFuA/1q8TApZeCO2VPukyL8ZxK3Oe34BJ+64Ap9298Nt+EY7ab18IcV////qsDS3UAg==
  dependencies:
    "@babel/runtime" "^7.16.0"
    "@wordpress/autop" "^3.3.1"
    "@wordpress/blob" "^3.3.1"
    "@wordpress/block-serialization-default-parser" "^4.3.1"
    "@wordpress/compose" "^5.1.1"
    "@wordpress/data" "^6.2.1"
    "@wordpress/deprecated" "^3.3.1"
    "@wordpress/dom" "^3.3.1"
    "@wordpress/element" "^4.1.1"
    "@wordpress/hooks" "^3.3.1"
    "@wordpress/html-entities" "^3.3.1"
    "@wordpress/i18n" "^4.3.1"
    "@wordpress/is-shallow-equal" "^4.3.1"
    "@wordpress/shortcode" "^3.3.1"
    colord "^2.7.0"
    hpq "^1.3.0"
    lodash "^4.17.21"
    rememo "^3.0.0"
    showdown "^1.9.1"
    simple-html-tokenizer "^0.5.7"
    uuid "^8.3.0"

"@wordpress/compose@^5.1.1":
  version "5.1.1"
  resolved "https://registry.yarnpkg.com/@wordpress/compose/-/compose-5.1.1.tgz#934b72c4e7dd5843d04f5403e7b57258b449736a"
  integrity sha512-GTMHGBvqEaRABsCfRRnh756oCaym2kDndbXyzInKIWezwpZRzqms24n9zRgNkJH4FYY3bKFg6SFdMU1dO2+drg==
  dependencies:
    "@babel/runtime" "^7.16.0"
    "@types/lodash" "^4.14.172"
    "@types/mousetrap" "^1.6.8"
    "@wordpress/deprecated" "^3.3.1"
    "@wordpress/dom" "^3.3.1"
    "@wordpress/element" "^4.1.1"
    "@wordpress/is-shallow-equal" "^4.3.1"
    "@wordpress/keycodes" "^3.3.1"
    "@wordpress/priority-queue" "^2.3.1"
    clipboard "^2.0.8"
    lodash "^4.17.21"
    mousetrap "^1.6.5"
    react-resize-aware "^3.1.0"
    use-memo-one "^1.1.1"

"@wordpress/data@^6.2.1":
  version "6.2.1"
  resolved "https://registry.yarnpkg.com/@wordpress/data/-/data-6.2.1.tgz#e1827b17cce32dcb1c13ab6eeccafd74e6be9be2"
  integrity sha512-r2RbdGPd3JRomPDS9ZdtQRsI0q+Xc3JldS62ju66jSWwXhLF4gEWUFbs7sb4mnN1oSuek/xpcMsNs3Aa7sSjOQ==
  dependencies:
    "@babel/runtime" "^7.16.0"
    "@wordpress/compose" "^5.1.1"
    "@wordpress/deprecated" "^3.3.1"
    "@wordpress/element" "^4.1.1"
    "@wordpress/is-shallow-equal" "^4.3.1"
    "@wordpress/priority-queue" "^2.3.1"
    "@wordpress/redux-routine" "^4.3.1"
    equivalent-key-map "^0.2.2"
    is-promise "^4.0.0"
    lodash "^4.17.21"
    redux "^4.1.2"
    turbo-combine-reducers "^1.0.2"
    use-memo-one "^1.1.1"

"@wordpress/deprecated@^3.3.1":
  version "3.3.1"
  resolved "https://registry.yarnpkg.com/@wordpress/deprecated/-/deprecated-3.3.1.tgz#2fbc79560daf5bf809bd3ccca428c1d8655cf9cb"
  integrity sha512-odAidoqFhyOXdK+NnTykELBzmaOmQFBeYm5ZaT8FB6Jqw0jiKWaNu8VfUukyWsV7EQj1XcwO/6R3unj9pjSiVA==
  dependencies:
    "@babel/runtime" "^7.16.0"
    "@wordpress/hooks" "^3.3.1"

"@wordpress/dom@^3.3.1":
  version "3.3.1"
  resolved "https://registry.yarnpkg.com/@wordpress/dom/-/dom-3.3.1.tgz#32ba8d87f4683b6b01bf354afadeeaea5031123d"
  integrity sha512-i3OkZup0fAObMc2q1lz2SBGDJT+0JWJCxjQGx55ZlJO3nysJkChlcoXZUi4ZUGYlBBsLhsGC904BWic7S8I8sQ==
  dependencies:
    "@babel/runtime" "^7.16.0"
    lodash "^4.17.21"

"@wordpress/element@^4.1.1":
  version "4.1.1"
  resolved "https://registry.yarnpkg.com/@wordpress/element/-/element-4.1.1.tgz#3d403eba33227d80f75c6b3cc3d80529d900096c"
  integrity sha512-lzrCvQOtzyRguw+VlG8EVzy8aexJ2Fk3tN8ifefvvTN0vNJeFdoEaSZGqYCoVvRKHKXpLfX9vMsVp0Ug0EWPcQ==
  dependencies:
    "@babel/runtime" "^7.16.0"
    "@types/react" "^17.0.37"
    "@types/react-dom" "^17.0.11"
    "@wordpress/escape-html" "^2.3.1"
    lodash "^4.17.21"
    react "^17.0.2"
    react-dom "^17.0.2"

"@wordpress/escape-html@^2.3.1":
  version "2.3.1"
  resolved "https://registry.yarnpkg.com/@wordpress/escape-html/-/escape-html-2.3.1.tgz#81dd894f2b1d8ae38f60df20f42397154b083701"
  integrity sha512-7lqbW1NiIQOlAwxc6iAfZ69v7sf2/2lZOfS5ntIrdB+erqHURkgwvqAOGJ2VwJcjQadaKbDIMf8YPZPwYY66+A==
  dependencies:
    "@babel/runtime" "^7.16.0"

"@wordpress/hooks@^3.3.1":
  version "3.3.1"
  resolved "https://registry.yarnpkg.com/@wordpress/hooks/-/hooks-3.3.1.tgz#7fe7291788350dc4d00b9d5cb20db69debcf8a40"
  integrity sha512-Eyc5YYX8010Ihr6Ab4lq9G7J9DmPiLnGf6C4WwEMf0iQ9SBw8hcp2TCwkSyC12DU7iY0o11FYGfgdGW3UpPiYA==
  dependencies:
    "@babel/runtime" "^7.16.0"

"@wordpress/html-entities@^3.3.1":
  version "3.3.1"
  resolved "https://registry.yarnpkg.com/@wordpress/html-entities/-/html-entities-3.3.1.tgz#8a5149913c9a33737526b95ecad649ac5d89e43b"
  integrity sha512-vMF8XN7kE07fdqUB27PnvKbQsWXnJmSw1WEVhHGCSHZJcw2i29lDwUwdLxDwHi+M5R3y677bw1XAHnHH2JZ7Lg==
  dependencies:
    "@babel/runtime" "^7.16.0"

"@wordpress/i18n@^4.3.1":
  version "4.3.1"
  resolved "https://registry.yarnpkg.com/@wordpress/i18n/-/i18n-4.3.1.tgz#919b336614c53123567da3e76275208f289a923d"
  integrity sha512-4xeGUOhZL+Xl97VPSEslWJxCjQPuK2I8AEJWe5cb1u/YOcgTzOav2QN7T7wYzt3Os5bfqNBmTFMfOr+1goFPrw==
  dependencies:
    "@babel/runtime" "^7.16.0"
    "@wordpress/hooks" "^3.3.1"
    gettext-parser "^1.3.1"
    lodash "^4.17.21"
    memize "^1.1.0"
    sprintf-js "^1.1.1"
    tannin "^1.2.0"

"@wordpress/is-shallow-equal@^4.3.1":
  version "4.3.1"
  resolved "https://registry.yarnpkg.com/@wordpress/is-shallow-equal/-/is-shallow-equal-4.3.1.tgz#7cffd6c40481eb81d471567261c0bd4d82ee84a0"
  integrity sha512-aLtWAhQVVZxpGpTi+dAwQmeyIGbiFH7mb4vUu97kuTHJnA4wGl7UMLVTr/zqDHMuSQk1jfvomD2smVSyfRbPVg==
  dependencies:
    "@babel/runtime" "^7.16.0"

"@wordpress/keycodes@^3.3.1":
  version "3.3.1"
  resolved "https://registry.yarnpkg.com/@wordpress/keycodes/-/keycodes-3.3.1.tgz#9fe207e13966af26b72aaf19bf973fbe56ce25e6"
  integrity sha512-d/8wCjqB8c5426i8kLSRDxR/tezZFR0R/OOPFLoh/XnKiuRda/8OuPdSTUDmsLCam+yjV9K5uRm0KcMiZeFu7A==
  dependencies:
    "@babel/runtime" "^7.16.0"
    "@wordpress/i18n" "^4.3.1"
    lodash "^4.17.21"

"@wordpress/priority-queue@^2.3.1":
  version "2.3.1"
  resolved "https://registry.yarnpkg.com/@wordpress/priority-queue/-/priority-queue-2.3.1.tgz#3898e3b25cd46f15e3872f3b7cfb5308cb2da0ea"
  integrity sha512-nDrQ2/6cn5plHn+8gq7MhrMmmjeCn6jOXMufR9ADAzmBejRGAKnKsoZBFVNpkeUOv20A6xv7dvylpxtwo46J+A==
  dependencies:
    "@babel/runtime" "^7.16.0"

"@wordpress/redux-routine@^4.3.1":
  version "4.3.1"
  resolved "https://registry.yarnpkg.com/@wordpress/redux-routine/-/redux-routine-4.3.1.tgz#f909eb46dc0f3f1678b983ab81c234f09c786f19"
  integrity sha512-6IDRh8XtUowbP5BDhP2OBSRlDplbWQdZ7qEwnYyVLAd0Mx4aTibfNPhzhrJm1/Foiv0zplOqBLeZG2E0CDpwpw==
  dependencies:
    "@babel/runtime" "^7.16.0"
    is-promise "^4.0.0"
    lodash "^4.17.21"
    rungen "^0.3.2"

"@wordpress/shortcode@^3.3.1":
  version "3.3.1"
  resolved "https://registry.yarnpkg.com/@wordpress/shortcode/-/shortcode-3.3.1.tgz#25bd19bb05560d0abd98a56d681ec4087c0f6dee"
  integrity sha512-nuFwDrPRSU73rCiR+nUkaW3R0ykUKj5+rS5Sv1Yz10E2F5gtFyFySQNKlSVIwgpxeHKIKDs1AopAZupUqxK/Rw==
  dependencies:
    "@babel/runtime" "^7.16.0"
    lodash "^4.17.21"
    memize "^1.1.0"

ansi-regex@^4.1.0:
  version "4.1.0"
  resolved "https://registry.yarnpkg.com/ansi-regex/-/ansi-regex-4.1.0.tgz#8b9f8f08cf1acb843756a839ca8c7e3168c51997"
  integrity sha512-1apePfXM1UOSqw0o9IiFAovVz9M5S1Dg+4TrDwfMewQ6p/rmMueb7tWZjQ1rx4Loy1ArBggoqGpfqqdI4rondg==

ansi-styles@^3.2.0:
  version "3.2.1"
  resolved "https://registry.yarnpkg.com/ansi-styles/-/ansi-styles-3.2.1.tgz#41fbb20243e50b12be0f04b8dedbf07520ce841d"
  integrity sha512-VT0ZI6kZRdTh8YyJw3SMbYm/u+NqfsAxEpWO0Pf9sq8/e94WxxOpPKx9FR1FlyCtOVDNOQ+8ntlqFxiRc+r5qA==
  dependencies:
    color-convert "^1.9.0"

camelcase@^5.0.0:
  version "5.3.1"
  resolved "https://registry.yarnpkg.com/camelcase/-/camelcase-5.3.1.tgz#e3c9b31569e106811df242f715725a1f4c494320"
  integrity sha512-L28STB170nwWS63UjtlEOE3dldQApaJXZkOI1uMFfzf3rRuPegHaHesyee+YxQ+W6SvRDQV6UrdOdRiR153wJg==

clipboard@^2.0.8:
  version "2.0.10"
  resolved "https://registry.yarnpkg.com/clipboard/-/clipboard-2.0.10.tgz#e61f6f7139ac5044c58c0484dcac9fb2a918bfd6"
  integrity sha512-cz3m2YVwFz95qSEbCDi2fzLN/epEN9zXBvfgAoGkvGOJZATMl9gtTDVOtBYkx2ODUJl2kvmud7n32sV2BpYR4g==
  dependencies:
    good-listener "^1.2.2"
    select "^1.1.2"
    tiny-emitter "^2.0.0"

cliui@^5.0.0:
  version "5.0.0"
  resolved "https://registry.yarnpkg.com/cliui/-/cliui-5.0.0.tgz#deefcfdb2e800784aa34f46fa08e06851c7bbbc5"
  integrity sha512-PYeGSEmmHM6zvoef2w8TPzlrnNpXIjTipYK780YswmIP9vjxmd6Y2a3CB2Ks6/AU8NHjZugXvo8w3oWM2qnwXA==
  dependencies:
    string-width "^3.1.0"
    strip-ansi "^5.2.0"
    wrap-ansi "^5.1.0"

color-convert@^1.9.0:
  version "1.9.3"
  resolved "https://registry.yarnpkg.com/color-convert/-/color-convert-1.9.3.tgz#bb71850690e1f136567de629d2d5471deda4c1e8"
  integrity sha512-QfAUtd+vFdAtFQcC8CCyYt1fYWxSqAiK2cSD6zDB8N3cpsEBAvRxp9zOGg6G/SHHJYAT88/az/IuDGALsNVbGg==
  dependencies:
    color-name "1.1.3"

color-name@1.1.3:
  version "1.1.3"
  resolved "https://registry.yarnpkg.com/color-name/-/color-name-1.1.3.tgz#a7d0558bd89c42f795dd42328f740831ca53bc25"
  integrity sha1-p9BVi9icQveV3UIyj3QIMcpTvCU=

colord@^2.7.0:
  version "2.9.2"
  resolved "https://registry.yarnpkg.com/colord/-/colord-2.9.2.tgz#25e2bacbbaa65991422c07ea209e2089428effb1"
  integrity sha512-Uqbg+J445nc1TKn4FoDPS6ZZqAvEDnwrH42yo8B40JSOgSLxMZ/gt3h4nmCtPLQeXhjJJkqBx7SCY35WnIixaQ==

csstype@^3.0.2:
  version "3.0.10"
  resolved "https://registry.yarnpkg.com/csstype/-/csstype-3.0.10.tgz#2ad3a7bed70f35b965707c092e5f30b327c290e5"
  integrity sha512-2u44ZG2OcNUO9HDp/Jl8C07x6pU/eTR3ncV91SiK3dhG9TWvRVsCoJw14Ckx5DgWkzGA3waZWO3d7pgqpUI/XA==

decamelize@^1.2.0:
  version "1.2.0"
  resolved "https://registry.yarnpkg.com/decamelize/-/decamelize-1.2.0.tgz#f6534d15148269b20352e7bee26f501f9a191290"
  integrity sha1-9lNNFRSCabIDUue+4m9QH5oZEpA=

delegate@^3.1.2:
  version "3.2.0"
  resolved "https://registry.yarnpkg.com/delegate/-/delegate-3.2.0.tgz#b66b71c3158522e8ab5744f720d8ca0c2af59166"
  integrity sha512-IofjkYBZaZivn0V8nnsMJGBr4jVLxHDheKSW88PyxS5QC4Vo9ZbZVvhzlSxY87fVq3STR6r+4cGepyHkcWOQSw==

emoji-regex@^7.0.1:
  version "7.0.3"
  resolved "https://registry.yarnpkg.com/emoji-regex/-/emoji-regex-7.0.3.tgz#933a04052860c85e83c122479c4748a8e4c72156"
  integrity sha512-CwBLREIQ7LvYFB0WyRvwhq5N5qPhc6PMjD6bYggFlI5YyDgl+0vxq5VHbMOFqLg7hfWzmu8T5Z1QofhmTIhItA==

encoding@^0.1.12:
  version "0.1.13"
  resolved "https://registry.yarnpkg.com/encoding/-/encoding-0.1.13.tgz#56574afdd791f54a8e9b2785c0582a2d26210fa9"
  integrity sha512-ETBauow1T35Y/WZMkio9jiM0Z5xjHHmJ4XmjZOq1l/dXz3lr2sRn87nJy20RupqSh1F2m3HHPSp8ShIPQJrJ3A==
  dependencies:
    iconv-lite "^0.6.2"

equivalent-key-map@^0.2.2:
  version "0.2.2"
  resolved "https://registry.yarnpkg.com/equivalent-key-map/-/equivalent-key-map-0.2.2.tgz#be4d57049bb8d46a81d6e256c1628465620c2a13"
  integrity sha512-xvHeyCDbZzkpN4VHQj/n+j2lOwL0VWszG30X4cOrc9Y7Tuo2qCdZK/0AMod23Z5dCtNUbaju6p0rwOhHUk05ew==

find-up@^3.0.0:
  version "3.0.0"
  resolved "https://registry.yarnpkg.com/find-up/-/find-up-3.0.0.tgz#49169f1d7993430646da61ecc5ae355c21c97b73"
  integrity sha512-1yD6RmLI1XBfxugvORwlck6f75tYL+iR0jqwsOrOxMZyGYqUuDhJ0l4AXdO1iX/FTs9cBAMEk1gWSEx1kSbylg==
  dependencies:
    locate-path "^3.0.0"

get-caller-file@^2.0.1:
  version "2.0.5"
  resolved "https://registry.yarnpkg.com/get-caller-file/-/get-caller-file-2.0.5.tgz#4f94412a82db32f36e3b0b9741f8a97feb031f7e"
  integrity sha512-DyFP3BM/3YHTQOCUL/w0OZHR0lpKeGrxotcHWcqNEdnltqFwXVfhEBQ94eIo34AfQpo0rGki4cyIiftY06h2Fg==

gettext-parser@^1.3.1:
  version "1.4.0"
  resolved "https://registry.yarnpkg.com/gettext-parser/-/gettext-parser-1.4.0.tgz#f8baf34a292f03d5e42f02df099d301f167a7ace"
  integrity sha512-sedZYLHlHeBop/gZ1jdg59hlUEcpcZJofLq2JFwJT1zTqAU3l2wFv6IsuwFHGqbiT9DWzMUW4/em2+hspnmMMA==
  dependencies:
    encoding "^0.1.12"
    safe-buffer "^5.1.1"

good-listener@^1.2.2:
  version "1.2.2"
  resolved "https://registry.yarnpkg.com/good-listener/-/good-listener-1.2.2.tgz#d53b30cdf9313dffb7dc9a0d477096aa6d145c50"
  integrity sha1-1TswzfkxPf+33JoNR3CWqm0UXFA=
  dependencies:
    delegate "^3.1.2"

hpq@^1.3.0:
  version "1.3.0"
  resolved "https://registry.yarnpkg.com/hpq/-/hpq-1.3.0.tgz#fe73406927f6327ea66aa6055fbb130ac9a249c0"
  integrity sha512-fvYTvdCFOWQupGxqkahrkA+ERBuMdzkxwtUdKrxR6rmMd4Pfl+iZ1QiQYoaZ0B/v0y59MOMnz3XFUWbT50/NWA==

iconv-lite@^0.6.2:
  version "0.6.3"
  resolved "https://registry.yarnpkg.com/iconv-lite/-/iconv-lite-0.6.3.tgz#a52f80bf38da1952eb5c681790719871a1a72501"
  integrity sha512-4fCk79wshMdzMp2rH06qWrJE4iolqLhCUH+OiuIgU++RB0+94NlDL81atO7GX55uUKueo0txHNtvEyI6D7WdMw==
  dependencies:
    safer-buffer ">= 2.1.2 < 3.0.0"

is-fullwidth-code-point@^2.0.0:
  version "2.0.0"
  resolved "https://registry.yarnpkg.com/is-fullwidth-code-point/-/is-fullwidth-code-point-2.0.0.tgz#a3b30a5c4f199183167aaab93beefae3ddfb654f"
  integrity sha1-o7MKXE8ZkYMWeqq5O+764937ZU8=

is-promise@^4.0.0:
  version "4.0.0"
  resolved "https://registry.yarnpkg.com/is-promise/-/is-promise-4.0.0.tgz#42ff9f84206c1991d26debf520dd5c01042dd2f3"
  integrity sha512-hvpoI6korhJMnej285dSg6nu1+e6uxs7zG3BYAm5byqDsgJNWwxzM6z6iZiAgQR4TJ30JmBTOwqZUw3WlyH3AQ==

"js-tokens@^3.0.0 || ^4.0.0":
  version "4.0.0"
  resolved "https://registry.yarnpkg.com/js-tokens/-/js-tokens-4.0.0.tgz#19203fb59991df98e3a287050d4647cdeaf32499"
  integrity sha512-RdJUflcE3cUzKiMqQgsCu06FPu9UdIJO0beYbPhHN4k6apgJtifcoCtT9bcxOpYBtpD2kCM6Sbzg4CausW/PKQ==

locate-path@^3.0.0:
  version "3.0.0"
  resolved "https://registry.yarnpkg.com/locate-path/-/locate-path-3.0.0.tgz#dbec3b3ab759758071b58fe59fc41871af21400e"
  integrity sha512-7AO748wWnIhNqAuaty2ZWHkQHRSNfPVIsPIfwEOWO22AmaoVrWavlOcMR5nzTLNYvp36X220/maaRsrec1G65A==
  dependencies:
    p-locate "^3.0.0"
    path-exists "^3.0.0"

lodash@^4.17.21:
  version "4.17.21"
  resolved "https://registry.yarnpkg.com/lodash/-/lodash-4.17.21.tgz#679591c564c3bffaae8454cf0b3df370c3d6911c"
  integrity sha512-v2kDEe57lecTulaDIuNTPy3Ry4gLGJ6Z1O3vE1krgXZNrsQ+LFTGHVxVjcXPs17LhbZVGedAJv8XZ1tvj5FvSg==

loose-envify@^1.1.0:
  version "1.4.0"
  resolved "https://registry.yarnpkg.com/loose-envify/-/loose-envify-1.4.0.tgz#71ee51fa7be4caec1a63839f7e682d8132d30caf"
  integrity sha512-lyuxPGr/Wfhrlem2CL/UcnUc1zcqKAImBDzukY7Y5F/yQiNdko6+fRLevlw1HgMySw7f611UIY408EtxRSoK3Q==
  dependencies:
    js-tokens "^3.0.0 || ^4.0.0"

memize@^1.1.0:
  version "1.1.0"
  resolved "https://registry.yarnpkg.com/memize/-/memize-1.1.0.tgz#4a5a684ac6992a13b1299043f3e49b1af6a0b0d3"
  integrity sha512-K4FcPETOMTwe7KL2LK0orMhpOmWD2wRGwWWpbZy0fyArwsyIKR8YJVz8+efBAh3BO4zPqlSICu4vsLTRRqtFAg==

mousetrap@^1.6.5:
  version "1.6.5"
  resolved "https://registry.yarnpkg.com/mousetrap/-/mousetrap-1.6.5.tgz#8a766d8c272b08393d5f56074e0b5ec183485bf9"
  integrity sha512-QNo4kEepaIBwiT8CDhP98umTetp+JNfQYBWvC1pc6/OAibuXtRcxZ58Qz8skvEHYvURne/7R8T5VoOI7rDsEUA==

object-assign@^4.1.1:
  version "4.1.1"
  resolved "https://registry.yarnpkg.com/object-assign/-/object-assign-4.1.1.tgz#2109adc7965887cfc05cbbd442cac8bfbb360863"
  integrity sha1-IQmtx5ZYh8/AXLvUQsrIv7s2CGM=

p-limit@^2.0.0:
  version "2.3.0"
  resolved "https://registry.yarnpkg.com/p-limit/-/p-limit-2.3.0.tgz#3dd33c647a214fdfffd835933eb086da0dc21db1"
  integrity sha512-//88mFWSJx8lxCzwdAABTJL2MyWB12+eIY7MDL2SqLmAkeKU9qxRvWuSyTjm3FUmpBEMuFfckAIqEaVGUDxb6w==
  dependencies:
    p-try "^2.0.0"

p-locate@^3.0.0:
  version "3.0.0"
  resolved "https://registry.yarnpkg.com/p-locate/-/p-locate-3.0.0.tgz#322d69a05c0264b25997d9f40cd8a891ab0064a4"
  integrity sha512-x+12w/To+4GFfgJhBEpiDcLozRJGegY+Ei7/z0tSLkMmxGZNybVMSfWj9aJn8Z5Fc7dBUNJOOVgPv2H7IwulSQ==
  dependencies:
    p-limit "^2.0.0"

p-try@^2.0.0:
  version "2.2.0"
  resolved "https://registry.yarnpkg.com/p-try/-/p-try-2.2.0.tgz#cb2868540e313d61de58fafbe35ce9004d5540e6"
  integrity sha512-R4nPAVTAU0B9D35/Gk3uJf/7XYbQcyohSKdvAxIRSNghFl4e71hVoGnBNQz9cWaXxO2I10KTC+3jMdvvoKw6dQ==

path-exists@^3.0.0:
  version "3.0.0"
  resolved "https://registry.yarnpkg.com/path-exists/-/path-exists-3.0.0.tgz#ce0ebeaa5f78cb18925ea7d810d7b59b010fd515"
  integrity sha1-zg6+ql94yxiSXqfYENe1mwEP1RU=

react-dom@^17.0.2:
  version "17.0.2"
  resolved "https://registry.yarnpkg.com/react-dom/-/react-dom-17.0.2.tgz#ecffb6845e3ad8dbfcdc498f0d0a939736502c23"
  integrity sha512-s4h96KtLDUQlsENhMn1ar8t2bEa+q/YAtj8pPPdIjPDGBDIVNsrD9aXNWqspUe6AzKCIG0C1HZZLqLV7qpOBGA==
  dependencies:
    loose-envify "^1.1.0"
    object-assign "^4.1.1"
    scheduler "^0.20.2"

react-resize-aware@^3.1.0:
  version "3.1.1"
  resolved "https://registry.yarnpkg.com/react-resize-aware/-/react-resize-aware-3.1.1.tgz#a428fd53f34dec3a52b68c923a6ebe51a192c63c"
  integrity sha512-M8IyVLBN8D6tEUss+bxQlWte3ZYtNEGhg7rBxtCVG8yEBjUlZwUo5EFLq6tnvTZXcgAbCLjsQn+NCoTJKumRYg==

react@^17.0.2:
  version "17.0.2"
  resolved "https://registry.yarnpkg.com/react/-/react-17.0.2.tgz#d0b5cc516d29eb3eee383f75b62864cfb6800037"
  integrity sha512-gnhPt75i/dq/z3/6q/0asP78D0u592D5L1pd7M8P+dck6Fu/jJeL6iVVK23fptSUZj8Vjf++7wXA8UNclGQcbA==
  dependencies:
    loose-envify "^1.1.0"
    object-assign "^4.1.1"

redux@^4.1.2:
  version "4.1.2"
  resolved "https://registry.yarnpkg.com/redux/-/redux-4.1.2.tgz#140f35426d99bb4729af760afcf79eaaac407104"
  integrity sha512-SH8PglcebESbd/shgf6mii6EIoRM0zrQyjcuQ+ojmfxjTtE0z9Y8pa62iA/OJ58qjP6j27uyW4kUF4jl/jd6sw==
  dependencies:
    "@babel/runtime" "^7.9.2"

regenerator-runtime@^0.13.4:
  version "0.13.9"
  resolved "https://registry.yarnpkg.com/regenerator-runtime/-/regenerator-runtime-0.13.9.tgz#8925742a98ffd90814988d7566ad30ca3b263b52"
  integrity sha512-p3VT+cOEgxFsRRA9X4lkI1E+k2/CtnKtU4gcxyaCUreilL/vqI6CdZ3wxVUx3UOUg+gnUOQQcRI7BmSI656MYA==

rememo@^3.0.0:
  version "3.0.0"
  resolved "https://registry.yarnpkg.com/rememo/-/rememo-3.0.0.tgz#06e8e76e108865cc1e9b73329db49f844eaf8392"
  integrity sha512-eWtut/7pqMRnSccbexb647iPjN7ir6Tmf4RG92ZVlykFEkHqGYy9tWnpHH3I+FS+WQ6lQ1i1iDgarYzGKgTcRQ==

require-directory@^2.1.1:
  version "2.1.1"
  resolved "https://registry.yarnpkg.com/require-directory/-/require-directory-2.1.1.tgz#8c64ad5fd30dab1c976e2344ffe7f792a6a6df42"
  integrity sha1-jGStX9MNqxyXbiNE/+f3kqam30I=

require-main-filename@^2.0.0:
  version "2.0.0"
  resolved "https://registry.yarnpkg.com/require-main-filename/-/require-main-filename-2.0.0.tgz#d0b329ecc7cc0f61649f62215be69af54aa8989b"
  integrity sha512-NKN5kMDylKuldxYLSUfrbo5Tuzh4hd+2E8NPPX02mZtn1VuREQToYe/ZdlJy+J3uCpfaiGF05e7B8W0iXbQHmg==

rungen@^0.3.2:
  version "0.3.2"
  resolved "https://registry.yarnpkg.com/rungen/-/rungen-0.3.2.tgz#400c09ebe914e7b17e0b6ef3263400fc2abc7cb3"
  integrity sha1-QAwJ6+kU57F+C27zJjQA/Cq8fLM=

safe-buffer@^5.1.1:
  version "5.2.1"
  resolved "https://registry.yarnpkg.com/safe-buffer/-/safe-buffer-5.2.1.tgz#1eaf9fa9bdb1fdd4ec75f58f9cdb4e6b7827eec6"
  integrity sha512-rp3So07KcdmmKbGvgaNxQSJr7bGVSVk5S9Eq1F+ppbRo70+YeaDxkw5Dd8NPN+GD6bjnYm2VuPuCXmpuYvmCXQ==

"safer-buffer@>= 2.1.2 < 3.0.0":
  version "2.1.2"
  resolved "https://registry.yarnpkg.com/safer-buffer/-/safer-buffer-2.1.2.tgz#44fa161b0187b9549dd84bb91802f9bd8385cd6a"
  integrity sha512-YZo3K82SD7Riyi0E1EQPojLz7kpepnSQI9IyPbHHg1XXXevb5dJI7tpyN2ADxGcQbHG7vcyRHk0cbwqcQriUtg==

scheduler@^0.20.2:
  version "0.20.2"
  resolved "https://registry.yarnpkg.com/scheduler/-/scheduler-0.20.2.tgz#4baee39436e34aa93b4874bddcbf0fe8b8b50e91"
  integrity sha512-2eWfGgAqqWFGqtdMmcL5zCMK1U8KlXv8SQFGglL3CEtd0aDVDWgeF/YoCmvln55m5zSk3J/20hTaSBeSObsQDQ==
  dependencies:
    loose-envify "^1.1.0"
    object-assign "^4.1.1"

select@^1.1.2:
  version "1.1.2"
  resolved "https://registry.yarnpkg.com/select/-/select-1.1.2.tgz#0e7350acdec80b1108528786ec1d4418d11b396d"
  integrity sha1-DnNQrN7ICxEIUoeG7B1EGNEbOW0=

set-blocking@^2.0.0:
  version "2.0.0"
  resolved "https://registry.yarnpkg.com/set-blocking/-/set-blocking-2.0.0.tgz#045f9782d011ae9a6803ddd382b24392b3d890f7"
  integrity sha1-BF+XgtARrppoA93TgrJDkrPYkPc=

showdown@^1.9.1:
  version "1.9.1"
  resolved "https://registry.yarnpkg.com/showdown/-/showdown-1.9.1.tgz#134e148e75cd4623e09c21b0511977d79b5ad0ef"
  integrity sha512-9cGuS382HcvExtf5AHk7Cb4pAeQQ+h0eTr33V1mu+crYWV4KvWAw6el92bDrqGEk5d46Ai/fhbEUwqJ/mTCNEA==
  dependencies:
    yargs "^14.2"

simple-html-tokenizer@^0.5.7:
  version "0.5.11"
  resolved "https://registry.yarnpkg.com/simple-html-tokenizer/-/simple-html-tokenizer-0.5.11.tgz#4c5186083c164ba22a7b477b7687ac056ad6b1d9"
  integrity sha512-C2WEK/Z3HoSFbYq8tI7ni3eOo/NneSPRoPpcM7WdLjFOArFuyXEjAoCdOC3DgMfRyziZQ1hCNR4mrNdWEvD0og==

sprintf-js@^1.1.1:
  version "1.1.2"
  resolved "https://registry.yarnpkg.com/sprintf-js/-/sprintf-js-1.1.2.tgz#da1765262bf8c0f571749f2ad6c26300207ae673"
  integrity sha512-VE0SOVEHCk7Qc8ulkWw3ntAzXuqf7S2lvwQaDLRnUeIEaKNQJzV6BwmLKhOqT61aGhfUMrXeaBk+oDGCzvhcug==

string-width@^3.0.0, string-width@^3.1.0:
  version "3.1.0"
  resolved "https://registry.yarnpkg.com/string-width/-/string-width-3.1.0.tgz#22767be21b62af1081574306f69ac51b62203961"
  integrity sha512-vafcv6KjVZKSgz06oM/H6GDBrAtz8vdhQakGjFIvNrHA6y3HCF1CInLy+QLq8dTJPQ1b+KDUqDFctkdRW44e1w==
  dependencies:
    emoji-regex "^7.0.1"
    is-fullwidth-code-point "^2.0.0"
    strip-ansi "^5.1.0"

strip-ansi@^5.0.0, strip-ansi@^5.1.0, strip-ansi@^5.2.0:
  version "5.2.0"
  resolved "https://registry.yarnpkg.com/strip-ansi/-/strip-ansi-5.2.0.tgz#8c9a536feb6afc962bdfa5b104a5091c1ad9c0ae"
  integrity sha512-DuRs1gKbBqsMKIZlrffwlug8MHkcnpjs5VPmL1PAh+mA30U0DTotfDZ0d2UUsXpPmPmMMJ6W773MaA3J+lbiWA==
  dependencies:
    ansi-regex "^4.1.0"

tannin@^1.2.0:
  version "1.2.0"
  resolved "https://registry.yarnpkg.com/tannin/-/tannin-1.2.0.tgz#1da6fe65280dca4c3d84efb075b077b1b94362a6"
  integrity sha512-U7GgX/RcSeUETbV7gYgoz8PD7Ni4y95pgIP/Z6ayI3CfhSujwKEBlGFTCRN+Aqnuyf4AN2yHL+L8x+TCGjb9uA==
  dependencies:
    "@tannin/plural-forms" "^1.1.0"

tiny-emitter@^2.0.0:
  version "2.1.0"
  resolved "https://registry.yarnpkg.com/tiny-emitter/-/tiny-emitter-2.1.0.tgz#1d1a56edfc51c43e863cbb5382a72330e3555423"
  integrity sha512-NB6Dk1A9xgQPMoGqC5CVXn123gWyte215ONT5Pp5a0yt4nlEoO1ZWeCwpncaekPHXO60i47ihFnZPiRPjRMq4Q==

turbo-combine-reducers@^1.0.2:
  version "1.0.2"
  resolved "https://registry.yarnpkg.com/turbo-combine-reducers/-/turbo-combine-reducers-1.0.2.tgz#aa3650b3c63daa6804d35a4042014f6d31df1e47"
  integrity sha512-gHbdMZlA6Ym6Ur5pSH/UWrNQMIM9IqTH6SoL1DbHpqEdQ8i+cFunSmSlFykPt0eGQwZ4d/XTHOl74H0/kFBVWw==

use-memo-one@^1.1.1:
  version "1.1.2"
  resolved "https://registry.yarnpkg.com/use-memo-one/-/use-memo-one-1.1.2.tgz#0c8203a329f76e040047a35a1197defe342fab20"
  integrity sha512-u2qFKtxLsia/r8qG0ZKkbytbztzRb317XCkT7yP8wxL0tZ/CzK2G+WWie5vWvpyeP7+YoPIwbJoIHJ4Ba4k0oQ==

uuid@^8.3.0:
  version "8.3.2"
  resolved "https://registry.yarnpkg.com/uuid/-/uuid-8.3.2.tgz#80d5b5ced271bb9af6c445f21a1a04c606cefbe2"
  integrity sha512-+NYs2QeMWy+GWFOEm9xnn6HCDp0l7QBD7ml8zLUmJ+93Q5NF0NocErnwkTkXVFNiX3/fpC6afS8Dhb/gz7R7eg==

which-module@^2.0.0:
  version "2.0.0"
  resolved "https://registry.yarnpkg.com/which-module/-/which-module-2.0.0.tgz#d9ef07dce77b9902b8a3a8fa4b31c3e3f7e6e87a"
  integrity sha1-2e8H3Od7mQK4o6j6SzHD4/fm6Ho=

wrap-ansi@^5.1.0:
  version "5.1.0"
  resolved "https://registry.yarnpkg.com/wrap-ansi/-/wrap-ansi-5.1.0.tgz#1fd1f67235d5b6d0fee781056001bfb694c03b09"
  integrity sha512-QC1/iN/2/RPVJ5jYK8BGttj5z83LmSKmvbvrXPNCLZSEb32KKVDJDl/MOt2N01qU2H/FkzEa9PKto1BqDjtd7Q==
  dependencies:
    ansi-styles "^3.2.0"
    string-width "^3.0.0"
    strip-ansi "^5.0.0"

y18n@^4.0.0:
  version "4.0.3"
  resolved "https://registry.yarnpkg.com/y18n/-/y18n-4.0.3.tgz#b5f259c82cd6e336921efd7bfd8bf560de9eeedf"
  integrity sha512-JKhqTOwSrqNA1NY5lSztJ1GrBiUodLMmIZuLiDaMRJ+itFd+ABVE8XBjOvIWL+rSqNDC74LCSFmlb/U4UZ4hJQ==

yargs-parser@^15.0.1:
  version "15.0.3"
  resolved "https://registry.yarnpkg.com/yargs-parser/-/yargs-parser-15.0.3.tgz#316e263d5febe8b38eef61ac092b33dfcc9b1115"
  integrity sha512-/MVEVjTXy/cGAjdtQf8dW3V9b97bPN7rNn8ETj6BmAQL7ibC7O1Q9SPJbGjgh3SlwoBNXMzj/ZGIj8mBgl12YA==
  dependencies:
    camelcase "^5.0.0"
    decamelize "^1.2.0"

yargs@^14.2:
  version "14.2.3"
  resolved "https://registry.yarnpkg.com/yargs/-/yargs-14.2.3.tgz#1a1c3edced1afb2a2fea33604bc6d1d8d688a414"
  integrity sha512-ZbotRWhF+lkjijC/VhmOT9wSgyBQ7+zr13+YLkhfsSiTriYsMzkTUFP18pFhWwBeMa5gUc1MzbhrO6/VB7c9Xg==
  dependencies:
    cliui "^5.0.0"
    decamelize "^1.2.0"
    find-up "^3.0.0"
    get-caller-file "^2.0.1"
    require-directory "^2.1.1"
    require-main-filename "^2.0.0"
    set-blocking "^2.0.0"
    string-width "^3.0.0"
    which-module "^2.0.0"
    y18n "^4.0.0"
    yargs-parser "^15.0.1"
